// !$*UTF8*$!
{
	archiveVersion = 1;
	classes = {
	};
	objectVersion = 50;
	objects = {

/* Begin PBXBuildFile section */
		FA4DB46B23DF3440002F7F9D /* BOJ_2588_곱셈.cpp in Sources */ = {isa = PBXBuildFile; fileRef = FA4DB46923DF3440002F7F9D /* BOJ_2588_곱셈.cpp */; };
		FAAFC8B023E16AEE00A268ED /* BOJ_1330_두수비교하기.cpp in Sources */ = {isa = PBXBuildFile; fileRef = FAAFC8AE23E16AEE00A268ED /* BOJ_1330_두수비교하기.cpp */; };
		FADA79B323DF29520039F0F1 /* BOJ_10869_사칙연산.cpp in Sources */ = {isa = PBXBuildFile; fileRef = FADA79B223DF29520039F0F1 /* BOJ_10869_사칙연산.cpp */; };
		FADA79BB23DF2C6A0039F0F1 /* BOJ_10430_나머지.cpp in Sources */ = {isa = PBXBuildFile; fileRef = FADA79B923DF2C6A0039F0F1 /* BOJ_10430_나머지.cpp */; };
/* End PBXBuildFile section */

/* Begin PBXCopyFilesBuildPhase section */
		FADA79AD23DF29520039F0F1 /* CopyFiles */ = {
			isa = PBXCopyFilesBuildPhase;
			buildActionMask = 2147483647;
			dstPath = /usr/share/man/man1/;
			dstSubfolderSpec = 0;
			files = (
			);
			runOnlyForDeploymentPostprocessing = 1;
		};
/* End PBXCopyFilesBuildPhase section */

/* Begin PBXFileReference section */
		FA4DB46923DF3440002F7F9D /* BOJ_2588_곱셈.cpp */ = {isa = PBXFileReference; lastKnownFileType = sourcecode.cpp.cpp; path = "BOJ_2588_곱셈.cpp"; sourceTree = "<group>"; };
		FAAFC8AE23E16AEE00A268ED /* BOJ_1330_두수비교하기.cpp */ = {isa = PBXFileReference; lastKnownFileType = sourcecode.cpp.cpp; path = "BOJ_1330_두수비교하기.cpp"; sourceTree = "<group>"; };
		FADA79AF23DF29520039F0F1 /* BOJ-solutions */ = {isa = PBXFileReference; explicitFileType = "compiled.mach-o.executable"; includeInIndex = 0; path = "BOJ-solutions"; sourceTree = BUILT_PRODUCTS_DIR; };
		FADA79B223DF29520039F0F1 /* BOJ_10869_사칙연산.cpp */ = {isa = PBXFileReference; lastKnownFileType = sourcecode.cpp.cpp; path = "BOJ_10869_사칙연산.cpp"; sourceTree = "<group>"; };
		FADA79B923DF2C6A0039F0F1 /* BOJ_10430_나머지.cpp */ = {isa = PBXFileReference; lastKnownFileType = sourcecode.cpp.cpp; path = "BOJ_10430_나머지.cpp"; sourceTree = "<group>"; };
/* End PBXFileReference section */

/* Begin PBXFrameworksBuildPhase section */
		FADA79AC23DF29520039F0F1 /* Frameworks */ = {
			isa = PBXFrameworksBuildPhase;
			buildActionMask = 2147483647;
			files = (
			);
			runOnlyForDeploymentPostprocessing = 0;
		};
/* End PBXFrameworksBuildPhase section */

/* Begin PBXGroup section */
		FADA79A623DF29520039F0F1 = {
			isa = PBXGroup;
			children = (
				FADA79B123DF29520039F0F1 /* BOJ-solutions */,
				FADA79B023DF29520039F0F1 /* Products */,
			);
			sourceTree = "<group>";
		};
		FADA79B023DF29520039F0F1 /* Products */ = {
			isa = PBXGroup;
			children = (
				FADA79AF23DF29520039F0F1 /* BOJ-solutions */,
			);
			name = Products;
			sourceTree = "<group>";
		};
		FADA79B123DF29520039F0F1 /* BOJ-solutions */ = {
			isa = PBXGroup;
			children = (
				FADA79B223DF29520039F0F1 /* BOJ_10869_사칙연산.cpp */,
				FADA79B923DF2C6A0039F0F1 /* BOJ_10430_나머지.cpp */,
				FA4DB46923DF3440002F7F9D /* BOJ_2588_곱셈.cpp */,
				FAAFC8AE23E16AEE00A268ED /* BOJ_1330_두수비교하기.cpp */,
			);
			path = "BOJ-solutions";
			sourceTree = "<group>";
		};
/* End PBXGroup section */

/* Begin PBXNativeTarget section */
		FADA79AE23DF29520039F0F1 /* BOJ-solutions */ = {
			isa = PBXNativeTarget;
			buildConfigurationList = FADA79B623DF29520039F0F1 /* Build configuration list for PBXNativeTarget "BOJ-solutions" */;
			buildPhases = (
				FADA79AB23DF29520039F0F1 /* Sources */,
				FADA79AC23DF29520039F0F1 /* Frameworks */,
				FADA79AD23DF29520039F0F1 /* CopyFiles */,
			);
			buildRules = (
			);
			dependencies = (
			);
			name = "BOJ-solutions";
			productName = "BOJ-solutions";
			productReference = FADA79AF23DF29520039F0F1 /* BOJ-solutions */;
			productType = "com.apple.product-type.tool";
		};
/* End PBXNativeTarget section */

/* Begin PBXProject section */
		FADA79A723DF29520039F0F1 /* Project object */ = {
			isa = PBXProject;
			attributes = {
				LastUpgradeCheck = 1130;
				ORGANIZATIONNAME = "김은수";
				TargetAttributes = {
					FADA79AE23DF29520039F0F1 = {
						CreatedOnToolsVersion = 11.3.1;
					};
				};
			};
			buildConfigurationList = FADA79AA23DF29520039F0F1 /* Build configuration list for PBXProject "BOJ-solutions" */;
			compatibilityVersion = "Xcode 9.3";
			developmentRegion = en;
			hasScannedForEncodings = 0;
			knownRegions = (
				en,
				Base,
			);
			mainGroup = FADA79A623DF29520039F0F1;
			productRefGroup = FADA79B023DF29520039F0F1 /* Products */;
			projectDirPath = "";
			projectRoot = "";
			targets = (
				FADA79AE23DF29520039F0F1 /* BOJ-solutions */,
			);
		};
/* End PBXProject section */

/* Begin PBXSourcesBuildPhase section */
		FADA79AB23DF29520039F0F1 /* Sources */ = {
			isa = PBXSourcesBuildPhase;
			buildActionMask = 2147483647;
			files = (
				FADA79B323DF29520039F0F1 /* BOJ_10869_사칙연산.cpp in Sources */,
				FA4DB46B23DF3440002F7F9D /* BOJ_2588_곱셈.cpp in Sources */,
				FADA79BB23DF2C6A0039F0F1 /* BOJ_10430_나머지.cpp in Sources */,
				FAAFC8B023E16AEE00A268ED /* BOJ_1330_두수비교하기.cpp in Sources */,
			);
			runOnlyForDeploymentPostprocessing = 0;
		};
/* End PBXSourcesBuildPhase section */

/* Begin XCBuildConfiguration section */
		FADA79B423DF29520039F0F1 /* Debug */ = {
			isa = XCBuildConfiguration;
			buildSettings = {
				ALWAYS_SEARCH_USER_PATHS = NO;
				CLANG_ANALYZER_NONNULL = YES;
				CLANG_ANALYZER_NUMBER_OBJECT_CONVERSION = YES_AGGRESSIVE;
				CLANG_CXX_LANGUAGE_STANDARD = "gnu++14";
				CLANG_CXX_LIBRARY = "libc++";
				CLANG_ENABLE_MODULES = YES;
				CLANG_ENABLE_OBJC_ARC = YES;
				CLANG_ENABLE_OBJC_WEAK = YES;
				CLANG_WARN_BLOCK_CAPTURE_AUTORELEASING = YES;
				CLANG_WARN_BOOL_CONVERSION = YES;
				CLANG_WARN_COMMA = YES;
				CLANG_WARN_CONSTANT_CONVERSION = YES;
				CLANG_WARN_DEPRECATED_OBJC_IMPLEMENTATIONS = YES;
				CLANG_WARN_DIRECT_OBJC_ISA_USAGE = YES_ERROR;
				CLANG_WARN_DOCUMENTATION_COMMENTS = YES;
				CLANG_WARN_EMPTY_BODY = YES;
				CLANG_WARN_ENUM_CONVERSION = YES;
				CLANG_WARN_INFINITE_RECURSION = YES;
				CLANG_WARN_INT_CONVERSION = YES;
				CLANG_WARN_NON_LITERAL_NULL_CONVERSION = YES;
				CLANG_WARN_OBJC_IMPLICIT_RETAIN_SELF = YES;
				CLANG_WARN_OBJC_LITERAL_CONVERSION = YES;
				CLANG_WARN_OBJC_ROOT_CLASS = YES_ERROR;
				CLANG_WARN_RANGE_LOOP_ANALYSIS = YES;
				CLANG_WARN_STRICT_PROTOTYPES = YES;
				CLANG_WARN_SUSPICIOUS_MOVE = YES;
				CLANG_WARN_UNGUARDED_AVAILABILITY = YES_AGGRESSIVE;
				CLANG_WARN_UNREACHABLE_CODE = YES;
				CLANG_WARN__DUPLICATE_METHOD_MATCH = YES;
				COPY_PHASE_STRIP = NO;
				DEBUG_INFORMATION_FORMAT = dwarf;
				ENABLE_STRICT_OBJC_MSGSEND = YES;
				ENABLE_TESTABILITY = YES;
				GCC_C_LANGUAGE_STANDARD = gnu11;
				GCC_DYNAMIC_NO_PIC = NO;
				GCC_NO_COMMON_BLOCKS = YES;
				GCC_OPTIMIZATION_LEVEL = 0;
				GCC_PREPROCESSOR_DEFINITIONS = (
					"DEBUG=1",
					"$(inherited)",
				);
				GCC_WARN_64_TO_32_BIT_CONVERSION = YES;
				GCC_WARN_ABOUT_RETURN_TYPE = YES_ERROR;
				GCC_WARN_UNDECLARED_SELECTOR = YES;
				GCC_WARN_UNINITIALIZED_AUTOS = YES_AGGRESSIVE;
				GCC_WARN_UNUSED_FUNCTION = YES;
				GCC_WARN_UNUSED_VARIABLE = YES;
				MACOSX_DEPLOYMENT_TARGET = 10.14;
				MTL_ENABLE_DEBUG_INFO = INCLUDE_SOURCE;
				MTL_FAST_MATH = YES;
				ONLY_ACTIVE_ARCH = YES;
				SDKROOT = macosx;
			};
			name = Debug;
		};
		FADA79B523DF29520039F0F1 /* Release */ = {
			isa = XCBuildConfiguration;
			buildSettings = {
				ALWAYS_SEARCH_USER_PATHS = NO;
				CLANG_ANALYZER_NONNULL = YES;
				CLANG_ANALYZER_NUMBER_OBJECT_CONVERSION = YES_AGGRESSIVE;
				CLANG_CXX_LANGUAGE_STANDARD = "gnu++14";
				CLANG_CXX_LIBRARY = "libc++";
				CLANG_ENABLE_MODULES = YES;
				CLANG_ENABLE_OBJC_ARC = YES;
				CLANG_ENABLE_OBJC_WEAK = YES;
				CLANG_WARN_BLOCK_CAPTURE_AUTORELEASING = YES;
				CLANG_WARN_BOOL_CONVERSION = YES;
				CLANG_WARN_COMMA = YES;
				CLANG_WARN_CONSTANT_CONVERSION = YES;
				CLANG_WARN_DEPRECATED_OBJC_IMPLEMENTATIONS = YES;
				CLANG_WARN_DIRECT_OBJC_ISA_USAGE = YES_ERROR;
				CLANG_WARN_DOCUMENTATION_COMMENTS = YES;
				CLANG_WARN_EMPTY_BODY = YES;
				CLANG_WARN_ENUM_CONVERSION = YES;
				CLANG_WARN_INFINITE_RECURSION = YES;
				CLANG_WARN_INT_CONVERSION = YES;
				CLANG_WARN_NON_LITERAL_NULL_CONVERSION = YES;
				CLANG_WARN_OBJC_IMPLICIT_RETAIN_SELF = YES;
				CLANG_WARN_OBJC_LITERAL_CONVERSION = YES;
				CLANG_WARN_OBJC_ROOT_CLASS = YES_ERROR;
				CLANG_WARN_RANGE_LOOP_ANALYSIS = YES;
				CLANG_WARN_STRICT_PROTOTYPES = YES;
				CLANG_WARN_SUSPICIOUS_MOVE = YES;
				CLANG_WARN_UNGUARDED_AVAILABILITY = YES_AGGRESSIVE;
				CLANG_WARN_UNREACHABLE_CODE = YES;
				CLANG_WARN__DUPLICATE_METHOD_MATCH = YES;
				COPY_PHASE_STRIP = NO;
				DEBUG_INFORMATION_FORMAT = "dwarf-with-dsym";
				ENABLE_NS_ASSERTIONS = NO;
				ENABLE_STRICT_OBJC_MSGSEND = YES;
				GCC_C_LANGUAGE_STANDARD = gnu11;
				GCC_NO_COMMON_BLOCKS = YES;
				GCC_WARN_64_TO_32_BIT_CONVERSION = YES;
				GCC_WARN_ABOUT_RETURN_TYPE = YES_ERROR;
				GCC_WARN_UNDECLARED_SELECTOR = YES;
				GCC_WARN_UNINITIALIZED_AUTOS = YES_AGGRESSIVE;
				GCC_WARN_UNUSED_FUNCTION = YES;
				GCC_WARN_UNUSED_VARIABLE = YES;
				MACOSX_DEPLOYMENT_TARGET = 10.14;
				MTL_ENABLE_DEBUG_INFO = NO;
				MTL_FAST_MATH = YES;
				SDKROOT = macosx;
			};
			name = Release;
		};
		FADA79B723DF29520039F0F1 /* Debug */ = {
			isa = XCBuildConfiguration;
			buildSettings = {
				CODE_SIGN_STYLE = Automatic;
				PRODUCT_NAME = "$(TARGET_NAME)";
			};
			name = Debug;
		};
		FADA79B823DF29520039F0F1 /* Release */ = {
			isa = XCBuildConfiguration;
			buildSettings = {
				CODE_SIGN_STYLE = Automatic;
				PRODUCT_NAME = "$(TARGET_NAME)";
			};
			name = Release;
		};
/* End XCBuildConfiguration section */

/* Begin XCConfigurationList section */
		FADA79AA23DF29520039F0F1 /* Build configuration list for PBXProject "BOJ-solutions" */ = {
			isa = XCConfigurationList;
			buildConfigurations = (
				FADA79B423DF29520039F0F1 /* Debug */,
				FADA79B523DF29520039F0F1 /* Release */,
			);
			defaultConfigurationIsVisible = 0;
			defaultConfigurationName = Release;
		};
		FADA79B623DF29520039F0F1 /* Build configuration list for PBXNativeTarget "BOJ-solutions" */ = {
			isa = XCConfigurationList;
			buildConfigurations = (
				FADA79B723DF29520039F0F1 /* Debug */,
				FADA79B823DF29520039F0F1 /* Release */,
			);
			defaultConfigurationIsVisible = 0;
			defaultConfigurationName = Release;
		};
/* End XCConfigurationList section */
	};
	rootObject = FADA79A723DF29520039F0F1 /* Project object */;
}
